
Microsoft Visual Studio Solution File, Format Version 12.00
# Visual Studio Version 17
VisualStudioVersion = 17.10.34916.146
MinimumVisualStudioVersion = 10.0.40219.1
Project("{9A19103F-16F7-4668-BE54-9A1E7A4F7556}") = "CrawlyScraper.App", "CrawlyScraper.App\CrawlyScraper.App.csproj", "{26AAC38B-FF2C-4789-9A13-1EBBD82A6BAC}"
EndProject
Project("{2150E333-8FDC-42A3-9474-1A3956D46DE8}") = "CrawlyScraper", "CrawlyScraper", "{9273A062-3A6A-4290-99AF-29CA9BE2F0FF}"
EndProject
Project("{FAE04EC0-301F-11D3-BF4B-00C04F79EFBC}") = "CrawlyScraper", "CrawlyScraper\CrawlyScraper\CrawlyScraper.csproj", "{12D5EC0A-246C-494D-99E5-58C77A4E7ACE}"
EndProject
Global
	GlobalSection(SolutionConfigurationPlatforms) = preSolution
		Debug|Any CPU = Debug|Any CPU
		Release|Any CPU = Release|Any CPU
	EndGlobalSection
	GlobalSection(ProjectConfigurationPlatforms) = postSolution
		{26AAC38B-FF2C-4789-9A13-1EBBD82A6BAC}.Debug|Any CPU.ActiveCfg = Debug|Any CPU
		{26AAC38B-FF2C-4789-9A13-1EBBD82A6BAC}.Debug|Any CPU.Build.0 = Debug|Any CPU
		{26AAC38B-FF2C-4789-9A13-1EBBD82A6BAC}.Release|Any CPU.ActiveCfg = Release|Any CPU
		{26AAC38B-FF2C-4789-9A13-1EBBD82A6BAC}.Release|Any CPU.Build.0 = Release|Any CPU
		{12D5EC0A-246C-494D-99E5-58C77A4E7ACE}.Debug|Any CPU.ActiveCfg = Debug|Any CPU
		{12D5EC0A-246C-494D-99E5-58C77A4E7ACE}.Debug|Any CPU.Build.0 = Debug|Any CPU
		{12D5EC0A-246C-494D-99E5-58C77A4E7ACE}.Release|Any CPU.ActiveCfg = Release|Any CPU
		{12D5EC0A-246C-494D-99E5-58C77A4E7ACE}.Release|Any CPU.Build.0 = Release|Any CPU
	EndGlobalSection
	GlobalSection(SolutionProperties) = preSolution
		HideSolutionNode = FALSE
	EndGlobalSection
	GlobalSection(NestedProjects) = preSolution
		{12D5EC0A-246C-494D-99E5-58C77A4E7ACE} = {9273A062-3A6A-4290-99AF-29CA9BE2F0FF}
	EndGlobalSection
	GlobalSection(ExtensibilityGlobals) = postSolution
		SolutionGuid = {F5247849-7144-4C61-95CF-1B2E96A192CB}
	EndGlobalSection
EndGlobal
